
Microsoft Visual Studio Solution File, Format Version 12.00
# Visual Studio Version 16
VisualStudioVersion = 16.0.30717.126
MinimumVisualStudioVersion = 10.0.40219.1
Project("{FAE04EC0-301F-11D3-BF4B-00C04F79EFBC}") = "RPSLS_proj", "RPSLS_proj\RPSLS_proj.csproj", "{30CF9EAE-EFF1-47B4-A61D-6B1B8E5536EE}"
EndProject
Global
	GlobalSection(SolutionConfigurationPlatforms) = preSolution
		Debug|Any CPU = Debug|Any CPU
		Release|Any CPU = Release|Any CPU
	EndGlobalSection
	GlobalSection(ProjectConfigurationPlatforms) = postSolution
		{30CF9EAE-EFF1-47B4-A61D-6B1B8E5536EE}.Debug|Any CPU.ActiveCfg = Debug|Any CPU
		{30CF9EAE-EFF1-47B4-A61D-6B1B8E5536EE}.Debug|Any CPU.Build.0 = Debug|Any CPU
		{30CF9EAE-EFF1-47B4-A61D-6B1B8E5536EE}.Release|Any CPU.ActiveCfg = Release|Any CPU
		{30CF9EAE-EFF1-47B4-A61D-6B1B8E5536EE}.Release|Any CPU.Build.0 = Release|Any CPU
	EndGlobalSection
	GlobalSection(SolutionProperties) = preSolution
		HideSolutionNode = FALSE
	EndGlobalSection
	GlobalSection(ExtensibilityGlobals) = postSolution
		SolutionGuid = {BAED725D-67F4-48A2-82BC-71A0F2A92716}
	EndGlobalSection
EndGlobal
